
Microsoft Visual Studio Solution File, Format Version 12.00
# Visual Studio Version 17
VisualStudioVersion = 17.1.32210.238
MinimumVisualStudioVersion = 10.0.40219.1
Project("{FAE04EC0-301F-11D3-BF4B-00C04F79EFBC}") = "Winform1_HwangJaeGyu", "Winform1_HwangJaeGyu\Winform1_HwangJaeGyu.csproj", "{73CDF1DB-B764-439C-BF34-D85199791877}"
EndProject
Project("{FAE04EC0-301F-11D3-BF4B-00C04F79EFBC}") = "Winform2_HwangJaeGyu", "Winform2_HwangJaeGyu\Winform2_HwangJaeGyu.csproj", "{B9395B99-31F0-49C3-B046-1CCC595EF94A}"
EndProject
Project("{FAE04EC0-301F-11D3-BF4B-00C04F79EFBC}") = "Winform3_HwangJaeGyu", "Winform3_HwangJaeGyu\Winform3_HwangJaeGyu.csproj", "{1A1F3623-75B3-40D9-A8F4-322F58B7A063}"
EndProject
Global
	GlobalSection(SolutionConfigurationPlatforms) = preSolution
		Debug|Any CPU = Debug|Any CPU
		Release|Any CPU = Release|Any CPU
	EndGlobalSection
	GlobalSection(ProjectConfigurationPlatforms) = postSolution
		{73CDF1DB-B764-439C-BF34-D85199791877}.Debug|Any CPU.ActiveCfg = Debug|Any CPU
		{73CDF1DB-B764-439C-BF34-D85199791877}.Debug|Any CPU.Build.0 = Debug|Any CPU
		{73CDF1DB-B764-439C-BF34-D85199791877}.Release|Any CPU.ActiveCfg = Release|Any CPU
		{73CDF1DB-B764-439C-BF34-D85199791877}.Release|Any CPU.Build.0 = Release|Any CPU
		{B9395B99-31F0-49C3-B046-1CCC595EF94A}.Debug|Any CPU.ActiveCfg = Debug|Any CPU
		{B9395B99-31F0-49C3-B046-1CCC595EF94A}.Debug|Any CPU.Build.0 = Debug|Any CPU
		{B9395B99-31F0-49C3-B046-1CCC595EF94A}.Release|Any CPU.ActiveCfg = Release|Any CPU
		{B9395B99-31F0-49C3-B046-1CCC595EF94A}.Release|Any CPU.Build.0 = Release|Any CPU
		{1A1F3623-75B3-40D9-A8F4-322F58B7A063}.Debug|Any CPU.ActiveCfg = Debug|Any CPU
		{1A1F3623-75B3-40D9-A8F4-322F58B7A063}.Debug|Any CPU.Build.0 = Debug|Any CPU
		{1A1F3623-75B3-40D9-A8F4-322F58B7A063}.Release|Any CPU.ActiveCfg = Release|Any CPU
		{1A1F3623-75B3-40D9-A8F4-322F58B7A063}.Release|Any CPU.Build.0 = Release|Any CPU
	EndGlobalSection
	GlobalSection(SolutionProperties) = preSolution
		HideSolutionNode = FALSE
	EndGlobalSection
	GlobalSection(ExtensibilityGlobals) = postSolution
		SolutionGuid = {F7536C49-2BB8-4D7E-BE83-16568FD73A7D}
	EndGlobalSection
EndGlobal
