
Microsoft Visual Studio Solution File, Format Version 12.00
# Visual Studio Version 17
VisualStudioVersion = 17.1.32210.238
MinimumVisualStudioVersion = 10.0.40219.1
Project("{FAE04EC0-301F-11D3-BF4B-00C04F79EFBC}") = "Week4_01_HwangJaeGyu", "Week4_01_HwangJaeGyu\Week4_01_HwangJaeGyu.csproj", "{D8199FF1-9965-408C-935B-0D170B2D373B}"
EndProject
Project("{FAE04EC0-301F-11D3-BF4B-00C04F79EFBC}") = "Week4_02_HwangJaeGyu", "Week4_02_HwangJaeGyu\Week4_02_HwangJaeGyu.csproj", "{BD09BE86-B703-4F85-8EA1-CD3FB6B4316C}"
EndProject
Project("{FAE04EC0-301F-11D3-BF4B-00C04F79EFBC}") = "Week4_03_HwangJaeGyu", "Week4_03_HwangJaeGyu\Week4_03_HwangJaeGyu.csproj", "{E809E59A-518B-4884-8DD7-37A1F9CE709B}"
EndProject
Project("{FAE04EC0-301F-11D3-BF4B-00C04F79EFBC}") = "Week4_04_HwangJaeGyu", "Week4_04_HwangJaeGyu\Week4_04_HwangJaeGyu.csproj", "{FA27959F-E6E3-433E-A5C6-BE081E1A8A30}"
EndProject
Project("{FAE04EC0-301F-11D3-BF4B-00C04F79EFBC}") = "Week4_05_HwangJaeGyu", "Week4_05_HwangJaeGyu\Week4_05_HwangJaeGyu.csproj", "{B1B500DC-7413-4CA6-8C63-77EF0BB04A9E}"
EndProject
Project("{FAE04EC0-301F-11D3-BF4B-00C04F79EFBC}") = "Week4_06_special", "Week4_06_special\Week4_06_special.csproj", "{627A8BBF-D0DF-41D8-B399-9E47A18280D4}"
EndProject
Global
	GlobalSection(SolutionConfigurationPlatforms) = preSolution
		Debug|Any CPU = Debug|Any CPU
		Release|Any CPU = Release|Any CPU
	EndGlobalSection
	GlobalSection(ProjectConfigurationPlatforms) = postSolution
		{D8199FF1-9965-408C-935B-0D170B2D373B}.Debug|Any CPU.ActiveCfg = Debug|Any CPU
		{D8199FF1-9965-408C-935B-0D170B2D373B}.Debug|Any CPU.Build.0 = Debug|Any CPU
		{D8199FF1-9965-408C-935B-0D170B2D373B}.Release|Any CPU.ActiveCfg = Release|Any CPU
		{D8199FF1-9965-408C-935B-0D170B2D373B}.Release|Any CPU.Build.0 = Release|Any CPU
		{BD09BE86-B703-4F85-8EA1-CD3FB6B4316C}.Debug|Any CPU.ActiveCfg = Debug|Any CPU
		{BD09BE86-B703-4F85-8EA1-CD3FB6B4316C}.Debug|Any CPU.Build.0 = Debug|Any CPU
		{BD09BE86-B703-4F85-8EA1-CD3FB6B4316C}.Release|Any CPU.ActiveCfg = Release|Any CPU
		{BD09BE86-B703-4F85-8EA1-CD3FB6B4316C}.Release|Any CPU.Build.0 = Release|Any CPU
		{E809E59A-518B-4884-8DD7-37A1F9CE709B}.Debug|Any CPU.ActiveCfg = Debug|Any CPU
		{E809E59A-518B-4884-8DD7-37A1F9CE709B}.Debug|Any CPU.Build.0 = Debug|Any CPU
		{E809E59A-518B-4884-8DD7-37A1F9CE709B}.Release|Any CPU.ActiveCfg = Release|Any CPU
		{E809E59A-518B-4884-8DD7-37A1F9CE709B}.Release|Any CPU.Build.0 = Release|Any CPU
		{FA27959F-E6E3-433E-A5C6-BE081E1A8A30}.Debug|Any CPU.ActiveCfg = Debug|Any CPU
		{FA27959F-E6E3-433E-A5C6-BE081E1A8A30}.Debug|Any CPU.Build.0 = Debug|Any CPU
		{FA27959F-E6E3-433E-A5C6-BE081E1A8A30}.Release|Any CPU.ActiveCfg = Release|Any CPU
		{FA27959F-E6E3-433E-A5C6-BE081E1A8A30}.Release|Any CPU.Build.0 = Release|Any CPU
		{B1B500DC-7413-4CA6-8C63-77EF0BB04A9E}.Debug|Any CPU.ActiveCfg = Debug|Any CPU
		{B1B500DC-7413-4CA6-8C63-77EF0BB04A9E}.Debug|Any CPU.Build.0 = Debug|Any CPU
		{B1B500DC-7413-4CA6-8C63-77EF0BB04A9E}.Release|Any CPU.ActiveCfg = Release|Any CPU
		{B1B500DC-7413-4CA6-8C63-77EF0BB04A9E}.Release|Any CPU.Build.0 = Release|Any CPU
		{627A8BBF-D0DF-41D8-B399-9E47A18280D4}.Debug|Any CPU.ActiveCfg = Debug|Any CPU
		{627A8BBF-D0DF-41D8-B399-9E47A18280D4}.Debug|Any CPU.Build.0 = Debug|Any CPU
		{627A8BBF-D0DF-41D8-B399-9E47A18280D4}.Release|Any CPU.ActiveCfg = Release|Any CPU
		{627A8BBF-D0DF-41D8-B399-9E47A18280D4}.Release|Any CPU.Build.0 = Release|Any CPU
	EndGlobalSection
	GlobalSection(SolutionProperties) = preSolution
		HideSolutionNode = FALSE
	EndGlobalSection
	GlobalSection(ExtensibilityGlobals) = postSolution
		SolutionGuid = {FF39F9A9-CB97-4535-B89D-97FCCD0FB781}
	EndGlobalSection
EndGlobal
